
Microsoft Visual Studio Solution File, Format Version 12.00
Project("{FAE04EC0-301F-11D3-BF4B-00C04F79EFBC}") = "Admin", "Admin\Admin.csproj", "{A54DFA21-4A29-4065-BF4D-031D4AE75C45}"
EndProject
Global
	GlobalSection(SolutionConfigurationPlatforms) = preSolution
		Debug|Any CPU = Debug|Any CPU
		Release|Any CPU = Release|Any CPU
	EndGlobalSection
	GlobalSection(ProjectConfigurationPlatforms) = postSolution
		{A54DFA21-4A29-4065-BF4D-031D4AE75C45}.Debug|Any CPU.ActiveCfg = Debug|Any CPU
		{A54DFA21-4A29-4065-BF4D-031D4AE75C45}.Debug|Any CPU.Build.0 = Debug|Any CPU
		{A54DFA21-4A29-4065-BF4D-031D4AE75C45}.Release|Any CPU.ActiveCfg = Release|Any CPU
		{A54DFA21-4A29-4065-BF4D-031D4AE75C45}.Release|Any CPU.Build.0 = Release|Any CPU
	EndGlobalSection
EndGlobal
